
Microsoft Visual Studio Solution File, Format Version 12.00
# Visual Studio Version 17
VisualStudioVersion = 17.14.36121.58 d17.14
MinimumVisualStudioVersion = 10.0.40219.1
Project("{FAE04EC0-301F-11D3-BF4B-00C04F79EFBC}") = "08_Collections", "08_Collections\08_Collections.csproj", "{7401F7F0-F40B-4ACB-A746-27C22AACAEA9}"
EndProject
Global
	GlobalSection(SolutionConfigurationPlatforms) = preSolution
		Debug|Any CPU = Debug|Any CPU
		Release|Any CPU = Release|Any CPU
	EndGlobalSection
	GlobalSection(ProjectConfigurationPlatforms) = postSolution
		{7401F7F0-F40B-4ACB-A746-27C22AACAEA9}.Debug|Any CPU.ActiveCfg = Debug|Any CPU
		{7401F7F0-F40B-4ACB-A746-27C22AACAEA9}.Debug|Any CPU.Build.0 = Debug|Any CPU
		{7401F7F0-F40B-4ACB-A746-27C22AACAEA9}.Release|Any CPU.ActiveCfg = Release|Any CPU
		{7401F7F0-F40B-4ACB-A746-27C22AACAEA9}.Release|Any CPU.Build.0 = Release|Any CPU
	EndGlobalSection
	GlobalSection(SolutionProperties) = preSolution
		HideSolutionNode = FALSE
	EndGlobalSection
	GlobalSection(ExtensibilityGlobals) = postSolution
		SolutionGuid = {45A3CCE2-7DC6-476E-9D3D-B717496EBFAD}
	EndGlobalSection
EndGlobal
