
Microsoft Visual Studio Solution File, Format Version 12.00
# Visual Studio Version 17
VisualStudioVersion = 17.14.36121.58
MinimumVisualStudioVersion = 10.0.40219.1
Project("{FAE04EC0-301F-11D3-BF4B-00C04F79EFBC}") = "09_GC", "09_GC\09_GC.csproj", "{A509FC2A-183E-4D2C-9072-D1E78083EB36}"
EndProject
Project("{FAE04EC0-301F-11D3-BF4B-00C04F79EFBC}") = "MyLib", "MyLib\MyLib.csproj", "{B92F632D-CE6F-457C-A516-9D0DC57215FC}"
EndProject
Global
	GlobalSection(SolutionConfigurationPlatforms) = preSolution
		Debug|Any CPU = Debug|Any CPU
		Release|Any CPU = Release|Any CPU
	EndGlobalSection
	GlobalSection(ProjectConfigurationPlatforms) = postSolution
		{A509FC2A-183E-4D2C-9072-D1E78083EB36}.Debug|Any CPU.ActiveCfg = Debug|Any CPU
		{A509FC2A-183E-4D2C-9072-D1E78083EB36}.Debug|Any CPU.Build.0 = Debug|Any CPU
		{A509FC2A-183E-4D2C-9072-D1E78083EB36}.Release|Any CPU.ActiveCfg = Release|Any CPU
		{A509FC2A-183E-4D2C-9072-D1E78083EB36}.Release|Any CPU.Build.0 = Release|Any CPU
		{B92F632D-CE6F-457C-A516-9D0DC57215FC}.Debug|Any CPU.ActiveCfg = Debug|Any CPU
		{B92F632D-CE6F-457C-A516-9D0DC57215FC}.Debug|Any CPU.Build.0 = Debug|Any CPU
		{B92F632D-CE6F-457C-A516-9D0DC57215FC}.Release|Any CPU.ActiveCfg = Release|Any CPU
		{B92F632D-CE6F-457C-A516-9D0DC57215FC}.Release|Any CPU.Build.0 = Release|Any CPU
	EndGlobalSection
	GlobalSection(SolutionProperties) = preSolution
		HideSolutionNode = FALSE
	EndGlobalSection
	GlobalSection(ExtensibilityGlobals) = postSolution
		SolutionGuid = {20538D4B-DE80-4B6C-B7AB-032FCA2A0C60}
	EndGlobalSection
EndGlobal
